
Microsoft Visual Studio Solution File, Format Version 12.00
# Visual Studio 14
VisualStudioVersion = 14.0.25420.1
MinimumVisualStudioVersion = 10.0.40219.1
Project("{FAE04EC0-301F-11D3-BF4B-00C04F79EFBC}") = "Gighub", "Gighub\Gighub.csproj", "{03664ECD-00FE-4D62-B17B-470F667E40DA}"
EndProject
Project("{FAE04EC0-301F-11D3-BF4B-00C04F79EFBC}") = "Gighub.Tests", "Gighub.Tests\Gighub.Tests.csproj", "{DB2A2FC5-B97F-490D-8124-77AB8693B5B0}"
EndProject
Global
	GlobalSection(SolutionConfigurationPlatforms) = preSolution
		Debug|Any CPU = Debug|Any CPU
		Release|Any CPU = Release|Any CPU
	EndGlobalSection
	GlobalSection(ProjectConfigurationPlatforms) = postSolution
		{03664ECD-00FE-4D62-B17B-470F667E40DA}.Debug|Any CPU.ActiveCfg = Debug|Any CPU
		{03664ECD-00FE-4D62-B17B-470F667E40DA}.Debug|Any CPU.Build.0 = Debug|Any CPU
		{03664ECD-00FE-4D62-B17B-470F667E40DA}.Release|Any CPU.ActiveCfg = Release|Any CPU
		{03664ECD-00FE-4D62-B17B-470F667E40DA}.Release|Any CPU.Build.0 = Release|Any CPU
		{DB2A2FC5-B97F-490D-8124-77AB8693B5B0}.Debug|Any CPU.ActiveCfg = Debug|Any CPU
		{DB2A2FC5-B97F-490D-8124-77AB8693B5B0}.Debug|Any CPU.Build.0 = Debug|Any CPU
		{DB2A2FC5-B97F-490D-8124-77AB8693B5B0}.Release|Any CPU.ActiveCfg = Release|Any CPU
		{DB2A2FC5-B97F-490D-8124-77AB8693B5B0}.Release|Any CPU.Build.0 = Release|Any CPU
	EndGlobalSection
	GlobalSection(SolutionProperties) = preSolution
		HideSolutionNode = FALSE
	EndGlobalSection
EndGlobal
